
Microsoft Visual Studio Solution File, Format Version 12.00
# Visual Studio Version 16
VisualStudioVersion = 16.0.32929.386
MinimumVisualStudioVersion = 10.0.40219.1
Project("{8BC9CEB8-8B4A-11D0-8D11-00A0C91BC942}") = "MIDIPP", "MIDIPP\MIDIPP.vcxproj", "{0EAC9BFC-114F-4CBD-911B-CD1596761A48}"
EndProject
Project("{8BC9CEB8-8B4A-11D0-8D11-00A0C91BC942}") = "MIDIPPImpl", "MIDIPPImpl\MIDIPPImpl.vcxproj", "{EC5E5A20-D02D-447E-8D8C-97ED46886FC2}"
	ProjectSection(ProjectDependencies) = postProject
		{0EAC9BFC-114F-4CBD-911B-CD1596761A48} = {0EAC9BFC-114F-4CBD-911B-CD1596761A48}
	EndProjectSection
EndProject
Project("{8BC9CEB8-8B4A-11D0-8D11-00A0C91BC942}") = "NovationRain", "NovationRain\NovationRain.vcxproj", "{F3956774-4261-4F31-A289-5306CEC9BCCC}"
EndProject
Global
	GlobalSection(SolutionConfigurationPlatforms) = preSolution
		Debug|x64 = Debug|x64
		Debug|x86 = Debug|x86
		Release|x64 = Release|x64
		Release|x86 = Release|x86
	EndGlobalSection
	GlobalSection(ProjectConfigurationPlatforms) = postSolution
		{0EAC9BFC-114F-4CBD-911B-CD1596761A48}.Debug|x64.ActiveCfg = Debug|x64
		{0EAC9BFC-114F-4CBD-911B-CD1596761A48}.Debug|x64.Build.0 = Debug|x64
		{0EAC9BFC-114F-4CBD-911B-CD1596761A48}.Debug|x86.ActiveCfg = Debug|Win32
		{0EAC9BFC-114F-4CBD-911B-CD1596761A48}.Debug|x86.Build.0 = Debug|Win32
		{0EAC9BFC-114F-4CBD-911B-CD1596761A48}.Release|x64.ActiveCfg = Release|x64
		{0EAC9BFC-114F-4CBD-911B-CD1596761A48}.Release|x64.Build.0 = Release|x64
		{0EAC9BFC-114F-4CBD-911B-CD1596761A48}.Release|x86.ActiveCfg = Release|Win32
		{0EAC9BFC-114F-4CBD-911B-CD1596761A48}.Release|x86.Build.0 = Release|Win32
		{EC5E5A20-D02D-447E-8D8C-97ED46886FC2}.Debug|x64.ActiveCfg = Debug|x64
		{EC5E5A20-D02D-447E-8D8C-97ED46886FC2}.Debug|x64.Build.0 = Debug|x64
		{EC5E5A20-D02D-447E-8D8C-97ED46886FC2}.Debug|x86.ActiveCfg = Debug|Win32
		{EC5E5A20-D02D-447E-8D8C-97ED46886FC2}.Debug|x86.Build.0 = Debug|Win32
		{EC5E5A20-D02D-447E-8D8C-97ED46886FC2}.Release|x64.ActiveCfg = Release|x64
		{EC5E5A20-D02D-447E-8D8C-97ED46886FC2}.Release|x64.Build.0 = Release|x64
		{EC5E5A20-D02D-447E-8D8C-97ED46886FC2}.Release|x86.ActiveCfg = Release|Win32
		{EC5E5A20-D02D-447E-8D8C-97ED46886FC2}.Release|x86.Build.0 = Release|Win32
		{F3956774-4261-4F31-A289-5306CEC9BCCC}.Debug|x64.ActiveCfg = Debug|x64
		{F3956774-4261-4F31-A289-5306CEC9BCCC}.Debug|x64.Build.0 = Debug|x64
		{F3956774-4261-4F31-A289-5306CEC9BCCC}.Debug|x86.ActiveCfg = Debug|Win32
		{F3956774-4261-4F31-A289-5306CEC9BCCC}.Debug|x86.Build.0 = Debug|Win32
		{F3956774-4261-4F31-A289-5306CEC9BCCC}.Release|x64.ActiveCfg = Release|x64
		{F3956774-4261-4F31-A289-5306CEC9BCCC}.Release|x64.Build.0 = Release|x64
		{F3956774-4261-4F31-A289-5306CEC9BCCC}.Release|x86.ActiveCfg = Release|Win32
		{F3956774-4261-4F31-A289-5306CEC9BCCC}.Release|x86.Build.0 = Release|Win32
	EndGlobalSection
	GlobalSection(SolutionProperties) = preSolution
		HideSolutionNode = FALSE
	EndGlobalSection
	GlobalSection(ExtensibilityGlobals) = postSolution
		SolutionGuid = {46765F20-E2FC-4D6D-9689-8168B6F4562E}
	EndGlobalSection
EndGlobal
