<?xml version="1.0" encoding="utf-8"?>
<Project ToolsVersion="4.0" xmlns="http://schemas.microsoft.com/developer/msbuild/2003">
  <ItemGroup>
    <ClCompile Include="dllmain.cpp" />
    <ClCompile Include="src\framework.cpp" />
    <ClCompile Include="src\winmessages.cpp" />
  </ItemGroup>
  <ItemGroup>
    <ClInclude Include="include\winmidipp.h" />
    <ClInclude Include="src\winmessages.h" />
  </ItemGroup>
</Project>